# generated by rye
# use `rye lock` or `rye sync` to update this lockfile
#
# last locked with the following flags:
#   pre: false
#   features: []
#   all-features: false
#   with-sources: false

asttokens==2.4.1
[32m    # via stack-data[39m
comm==0.2.1
[32m    # via ipykernel[39m
debugpy==1.8.1
[32m    # via ipykernel[39m
decorator==5.1.1
[32m    # via ipython[39m
exceptiongroup==1.2.0
[32m    # via ipython[39m
executing==2.0.1
[32m    # via stack-data[39m
ipykernel==6.29.3
ipython==8.22.1
[32m    # via ipykernel[39m
jedi==0.19.1
[32m    # via ipython[39m
jupyter-client==8.6.0
[32m    # via ipykernel[39m
jupyter-core==5.7.1
[32m    # via
    # via ipykernel
    # via jupyter-client[39m
matplotlib-inline==0.1.6
[32m    # via
    # via ipykernel
    # via ipython[39m
nest-asyncio==1.6.0
[32m    # via ipykernel[39m
numpy==1.26.4
packaging==23.2
[32m    # via ipykernel[39m
parso==0.8.3
[32m    # via jedi[39m
pexpect==4.9.0
[32m    # via ipython[39m
platformdirs==4.2.0
[32m    # via jupyter-core[39m
prompt-toolkit==3.0.43
[32m    # via ipython[39m
psutil==5.9.8
[32m    # via ipykernel[39m
ptyprocess==0.7.0
[32m    # via pexpect[39m
pure-eval==0.2.2
[32m    # via stack-data[39m
pygments==2.17.2
[32m    # via ipython[39m
python-dateutil==2.8.2
[32m    # via jupyter-client[39m
pyzmq==25.1.2
[32m    # via
    # via ipykernel
    # via jupyter-client[39m
six==1.16.0
[32m    # via
    # via asttokens
    # via python-dateutil[39m
stack-data==0.6.3
[32m    # via ipython[39m
tornado==6.4
[32m    # via
    # via ipykernel
    # via jupyter-client[39m
traitlets==5.14.1
[32m    # via
    # via comm
    # via ipykernel
    # via ipython
    # via jupyter-client
    # via jupyter-core
    # via matplotlib-inline[39m
wcwidth==0.2.13
[32m    # via prompt-toolkit[39m
