version = 1
requires-python = ">=3.11"

[[distribution]]
name = "build"
version = "1.2.1"
source = { registry = "https://pypi.org/simple" }
dependencies = [
    { name = "colorama", marker = "os_name == 'nt'" },
    { name = "packaging" },
    { name = "pyproject-hooks" },
]
sdist = { url = "https://files.pythonhosted.org/packages/ce/9e/2d725d2f7729c6e79ca62aeb926492abbc06e25910dd30139d60a68bcb19/build-1.2.1.tar.gz", hash = "sha256:526263f4870c26f26c433545579475377b2b7588b6f1eac76a001e873ae3e19d", size = 44781 }
wheels = [
    { url = "https://files.pythonhosted.org/packages/e2/03/f3c8ba0a6b6e30d7d18c40faab90807c9bb5e9a1e3b2fe2008af624a9c97/build-1.2.1-py3-none-any.whl", hash = "sha256:75e10f767a433d9a86e50d83f418e83efc18ede923ee5ff7df93b6cb0306c5d4", size = 21911 },
]

[[distribution]]
name = "build-tool"
version = "0.1.0"
source = { editable = "." }
dependencies = [
    { name = "build" },
]

[[distribution]]
name = "colorama"
version = "0.4.6"
source = { registry = "https://pypi.org/simple" }
sdist = { url = "https://files.pythonhosted.org/packages/d8/53/6f443c9a4a8358a93a6792e2acffb9d9d5cb0a5cfd8802644b7b1c9a02e4/colorama-0.4.6.tar.gz", hash = "sha256:08695f5cb7ed6e0531a20572697297273c47b8cae5a63ffc6d6ed5c201be6e44", size = 27697 }
wheels = [
    { url = "https://files.pythonhosted.org/packages/d1/d6/3965ed04c63042e047cb6a3e6ed1a63a35087b6a609aa3a15ed8ac56c221/colorama-0.4.6-py2.py3-none-any.whl", hash = "sha256:4f1d9991f5acc0ca119f9d443620b77f9d6b33703e51011c16baf57afb285fc6", size = 25335 },
]

[[distribution]]
name = "packaging"
version = "24.1"
source = { registry = "https://pypi.org/simple" }
sdist = { url = "https://files.pythonhosted.org/packages/51/65/50db4dda066951078f0a96cf12f4b9ada6e4b811516bf0262c0f4f7064d4/packaging-24.1.tar.gz", hash = "sha256:026ed72c8ed3fcce5bf8950572258698927fd1dbda10a5e981cdf0ac37f4f002", size = 148788 }
wheels = [
    { url = "https://files.pythonhosted.org/packages/08/aa/cc0199a5f0ad350994d660967a8efb233fe0416e4639146c089643407ce6/packaging-24.1-py3-none-any.whl", hash = "sha256:5b8f2217dbdbd2f7f384c41c628544e6d52f2d0f53c6d0c3ea61aa5d1d7ff124", size = 53985 },
]

[[distribution]]
name = "pyproject-hooks"
version = "1.1.0"
source = { registry = "https://pypi.org/simple" }
sdist = { url = "https://files.pythonhosted.org/packages/c7/07/6f63dda440d4abb191b91dc383b472dae3dd9f37e4c1e4a5c3db150531c6/pyproject_hooks-1.1.0.tar.gz", hash = "sha256:4b37730834edbd6bd37f26ece6b44802fb1c1ee2ece0e54ddff8bfc06db86965", size = 7838 }
wheels = [
    { url = "https://files.pythonhosted.org/packages/ae/f3/431b9d5fe7d14af7a32340792ef43b8a714e7726f1d7b69cc4e8e7a3f1d7/pyproject_hooks-1.1.0-py3-none-any.whl", hash = "sha256:7ceeefe9aec63a1064c18d939bdc3adf2d8aa1988a510afec15151578b232aa2", size = 9184 },
]
