# generated by rye
# use `rye lock` or `rye sync` to update this lockfile
#
# last locked with the following flags:
#   pre: false
#   features: []
#   all-features: false
#   with-sources: false
#   generate-hashes: false
#   universal: true

appnope==0.1.4 ; platform_system == 'Darwin'
    # via ipykernel
asttokens==2.4.1
    # via stack-data
cffi==1.16.0 ; implementation_name == 'pypy'
    # via pyzmq
colorama==0.4.6 ; sys_platform == 'win32'
    # via ipython
comm==0.2.2
    # via ipykernel
debugpy==1.8.1
    # via ipykernel
decorator==5.1.1
    # via ipython
executing==2.0.1
    # via stack-data
ipykernel==6.29.3
ipython==8.22.2
    # via ipykernel
jedi==0.19.1
    # via ipython
jinja2==3.1.3
jupyter-client==8.6.1
    # via ipykernel
jupyter-core==5.7.2
    # via ipykernel
    # via jupyter-client
markupsafe==2.1.5
    # via jinja2
matplotlib-inline==0.1.6
    # via ipykernel
    # via ipython
nest-asyncio==1.6.0
    # via ipykernel
packaging==24.0
    # via ipykernel
parso==0.8.3
    # via jedi
pexpect==4.9.0 ; sys_platform != 'emscripten' and sys_platform != 'win32'
    # via ipython
platformdirs==4.2.0
    # via jupyter-core
prompt-toolkit==3.0.43
    # via ipython
psutil==5.9.8
    # via ipykernel
ptyprocess==0.7.0 ; sys_platform != 'emscripten' and sys_platform != 'win32'
    # via pexpect
pure-eval==0.2.2
    # via stack-data
pycparser==2.22 ; implementation_name == 'pypy'
    # via cffi
pygments==2.17.2
    # via ipython
python-dateutil==2.9.0.post0
    # via jupyter-client
pywin32==306 ; platform_python_implementation != 'PyPy' and sys_platform == 'win32'
    # via jupyter-core
pyzmq==25.1.2
    # via ipykernel
    # via jupyter-client
six==1.16.0
    # via asttokens
    # via python-dateutil
stack-data==0.6.3
    # via ipython
tornado==6.4
    # via ipykernel
    # via jupyter-client
traitlets==5.14.2
    # via comm
    # via ipykernel
    # via ipython
    # via jupyter-client
    # via jupyter-core
    # via matplotlib-inline
wcwidth==0.2.13
    # via prompt-toolkit
